
Microsoft Visual Studio Solution File, Format Version 12.00
# Visual Studio Version 16
VisualStudioVersion = 16.0.29613.14
MinimumVisualStudioVersion = 10.0.40219.1
Project("{9A19103F-16F7-4668-BE54-9A1E7A4F7556}") = "KleofasConsole", "Sources\KleofasConsole\KleofasConsole.csproj", "{AF09D4DF-918D-4540-9BFB-A0051B7BD989}"
EndProject
Global
	GlobalSection(SolutionConfigurationPlatforms) = preSolution
		Debug|Any CPU = Debug|Any CPU
		Release|Any CPU = Release|Any CPU
	EndGlobalSection
	GlobalSection(ProjectConfigurationPlatforms) = postSolution
		{AF09D4DF-918D-4540-9BFB-A0051B7BD989}.Debug|Any CPU.ActiveCfg = Debug|Any CPU
		{AF09D4DF-918D-4540-9BFB-A0051B7BD989}.Debug|Any CPU.Build.0 = Debug|Any CPU
		{AF09D4DF-918D-4540-9BFB-A0051B7BD989}.Release|Any CPU.ActiveCfg = Release|Any CPU
		{AF09D4DF-918D-4540-9BFB-A0051B7BD989}.Release|Any CPU.Build.0 = Release|Any CPU
	EndGlobalSection
	GlobalSection(SolutionProperties) = preSolution
		HideSolutionNode = FALSE
	EndGlobalSection
	GlobalSection(ExtensibilityGlobals) = postSolution
		SolutionGuid = {07CF250B-C8AD-45B3-99B2-FD1DDAE68227}
	EndGlobalSection
EndGlobal
